
Microsoft Visual Studio Solution File, Format Version 12.00
# Visual Studio Version 16
VisualStudioVersion = 16.0.31515.178
MinimumVisualStudioVersion = 10.0.40219.1
Project("{9A19103F-16F7-4668-BE54-9A1E7A4F7556}") = "TheTop.Web", "TheTop.Web\TheTop.Web.csproj", "{C047B18A-9D07-4B44-B493-7B6A59725769}"
EndProject
Project("{9A19103F-16F7-4668-BE54-9A1E7A4F7556}") = "TheTop.Application", "TheTop.Application\TheTop.Application.csproj", "{EEFC939C-EEFE-468B-8568-A1682DBBEF1D}"
EndProject
Project("{2150E333-8FDC-42A3-9474-1A3956D46DE8}") = "Solution Items", "Solution Items", "{D60FFE25-0C18-4BA9-A46E-1AF5C8BE2BD3}"
	ProjectSection(SolutionItems) = preProject
		.gitignore = .gitignore
	EndProjectSection
EndProject
Global
	GlobalSection(SolutionConfigurationPlatforms) = preSolution
		Debug|Any CPU = Debug|Any CPU
		Release|Any CPU = Release|Any CPU
	EndGlobalSection
	GlobalSection(ProjectConfigurationPlatforms) = postSolution
		{C047B18A-9D07-4B44-B493-7B6A59725769}.Debug|Any CPU.ActiveCfg = Debug|Any CPU
		{C047B18A-9D07-4B44-B493-7B6A59725769}.Debug|Any CPU.Build.0 = Debug|Any CPU
		{C047B18A-9D07-4B44-B493-7B6A59725769}.Release|Any CPU.ActiveCfg = Release|Any CPU
		{C047B18A-9D07-4B44-B493-7B6A59725769}.Release|Any CPU.Build.0 = Release|Any CPU
		{EEFC939C-EEFE-468B-8568-A1682DBBEF1D}.Debug|Any CPU.ActiveCfg = Debug|Any CPU
		{EEFC939C-EEFE-468B-8568-A1682DBBEF1D}.Debug|Any CPU.Build.0 = Debug|Any CPU
		{EEFC939C-EEFE-468B-8568-A1682DBBEF1D}.Release|Any CPU.ActiveCfg = Release|Any CPU
		{EEFC939C-EEFE-468B-8568-A1682DBBEF1D}.Release|Any CPU.Build.0 = Release|Any CPU
	EndGlobalSection
	GlobalSection(SolutionProperties) = preSolution
		HideSolutionNode = FALSE
	EndGlobalSection
	GlobalSection(ExtensibilityGlobals) = postSolution
		SolutionGuid = {093AD90A-4CD4-4B80-AE24-18771C99143E}
	EndGlobalSection
EndGlobal
